<Solution>
  <Folder Name="/src/">
    <Project Path="src/TheSeries.AiService/TheSeries.AiService.csproj" />
    <Project Path="src/TheSeries.AppHost/TheSeries.AppHost.csproj" />
    <Project Path="src/TheSeries.Console/TheSeries.Console.csproj" />
    <Project Path="src/TheSeries.McpServer/TheSeries.McpServer.csproj" />
    <Project Path="src/TheSeries.ServiceDefaults/TheSeries.ServiceDefaults.csproj" />
    <Project Path="src/TheSeries.Web/TheSeries.Web.csproj" />
  </Folder>
  <Project Path="../../../Users/OYVVIK/AppData/Local/Temp/sigtest2/sigtest2.csproj" />
</Solution>
